// !$*UTF8*$!
{
	archiveVersion = 1;
	classes = {
	};
	objectVersion = 50;
	objects = {

/* Begin PBXBuildFile section */
		DEA525B224B534C500DA9198 /* AppDelegate.swift in Sources */ = {isa = PBXBuildFile; fileRef = DEA525B124B534C500DA9198 /* AppDelegate.swift */; };
		DEA525B424B534C500DA9198 /* SceneDelegate.swift in Sources */ = {isa = PBXBuildFile; fileRef = DEA525B324B534C500DA9198 /* SceneDelegate.swift */; };
		DEA525BB24B534C600DA9198 /* Assets.xcassets in Resources */ = {isa = PBXBuildFile; fileRef = DEA525BA24B534C600DA9198 /* Assets.xcassets */; };
		DEA525BE24B534C600DA9198 /* LaunchScreen.storyboard in Resources */ = {isa = PBXBuildFile; fileRef = DEA525BC24B534C600DA9198 /* LaunchScreen.storyboard */; };
		DEA525CD24B5389100DA9198 /* HomeViewController.swift in Sources */ = {isa = PBXBuildFile; fileRef = DEA525CC24B5389100DA9198 /* HomeViewController.swift */; };
		DEA525CF24B53BEC00DA9198 /* Api.swift in Sources */ = {isa = PBXBuildFile; fileRef = DEA525CE24B53BEC00DA9198 /* Api.swift */; };
		DEA525D124B540A100DA9198 /* Building.swift in Sources */ = {isa = PBXBuildFile; fileRef = DEA525D024B540A100DA9198 /* Building.swift */; };
		DEA525D324B5524900DA9198 /* AnalyticData.swift in Sources */ = {isa = PBXBuildFile; fileRef = DEA525D224B5524900DA9198 /* AnalyticData.swift */; };
		DEA525D524B561C800DA9198 /* FinalResult.swift in Sources */ = {isa = PBXBuildFile; fileRef = DEA525D424B561C800DA9198 /* FinalResult.swift */; };
		DEA525D724B5670C00DA9198 /* Case8ViewModel.swift in Sources */ = {isa = PBXBuildFile; fileRef = DEA525D624B5670C00DA9198 /* Case8ViewModel.swift */; };
/* End PBXBuildFile section */

/* Begin PBXFileReference section */
		DEA525AE24B534C500DA9198 /* Frank Case 8.app */ = {isa = PBXFileReference; explicitFileType = wrapper.application; includeInIndex = 0; path = "Frank Case 8.app"; sourceTree = BUILT_PRODUCTS_DIR; };
		DEA525B124B534C500DA9198 /* AppDelegate.swift */ = {isa = PBXFileReference; lastKnownFileType = sourcecode.swift; path = AppDelegate.swift; sourceTree = "<group>"; };
		DEA525B324B534C500DA9198 /* SceneDelegate.swift */ = {isa = PBXFileReference; lastKnownFileType = sourcecode.swift; path = SceneDelegate.swift; sourceTree = "<group>"; };
		DEA525BA24B534C600DA9198 /* Assets.xcassets */ = {isa = PBXFileReference; lastKnownFileType = folder.assetcatalog; path = Assets.xcassets; sourceTree = "<group>"; };
		DEA525BD24B534C600DA9198 /* Base */ = {isa = PBXFileReference; lastKnownFileType = file.storyboard; name = Base; path = Base.lproj/LaunchScreen.storyboard; sourceTree = "<group>"; };
		DEA525BF24B534C600DA9198 /* Info.plist */ = {isa = PBXFileReference; lastKnownFileType = text.plist.xml; path = Info.plist; sourceTree = "<group>"; };
		DEA525CC24B5389100DA9198 /* HomeViewController.swift */ = {isa = PBXFileReference; lastKnownFileType = sourcecode.swift; path = HomeViewController.swift; sourceTree = "<group>"; };
		DEA525CE24B53BEC00DA9198 /* Api.swift */ = {isa = PBXFileReference; lastKnownFileType = sourcecode.swift; path = Api.swift; sourceTree = "<group>"; };
		DEA525D024B540A100DA9198 /* Building.swift */ = {isa = PBXFileReference; lastKnownFileType = sourcecode.swift; path = Building.swift; sourceTree = "<group>"; };
		DEA525D224B5524900DA9198 /* AnalyticData.swift */ = {isa = PBXFileReference; lastKnownFileType = sourcecode.swift; path = AnalyticData.swift; sourceTree = "<group>"; };
		DEA525D424B561C800DA9198 /* FinalResult.swift */ = {isa = PBXFileReference; lastKnownFileType = sourcecode.swift; path = FinalResult.swift; sourceTree = "<group>"; };
		DEA525D624B5670C00DA9198 /* Case8ViewModel.swift */ = {isa = PBXFileReference; lastKnownFileType = sourcecode.swift; path = Case8ViewModel.swift; sourceTree = "<group>"; };
/* End PBXFileReference section */

/* Begin PBXFrameworksBuildPhase section */
		DEA525AB24B534C500DA9198 /* Frameworks */ = {
			isa = PBXFrameworksBuildPhase;
			buildActionMask = 2147483647;
			files = (
			);
			runOnlyForDeploymentPostprocessing = 0;
		};
/* End PBXFrameworksBuildPhase section */

/* Begin PBXGroup section */
		DEA525A524B534C400DA9198 = {
			isa = PBXGroup;
			children = (
				DEA525B024B534C500DA9198 /* Frank Case 8 */,
				DEA525AF24B534C500DA9198 /* Products */,
			);
			sourceTree = "<group>";
		};
		DEA525AF24B534C500DA9198 /* Products */ = {
			isa = PBXGroup;
			children = (
				DEA525AE24B534C500DA9198 /* Frank Case 8.app */,
			);
			name = Products;
			sourceTree = "<group>";
		};
		DEA525B024B534C500DA9198 /* Frank Case 8 */ = {
			isa = PBXGroup;
			children = (
				DEA525CB24B5368C00DA9198 /* Supporting Files */,
				DEA525CA24B5366F00DA9198 /* Views and ViewControllers */,
				DEA525C924B5365000DA9198 /* ViewModels */,
				DEA525C824B5362D00DA9198 /* Extensions */,
				DEA525C624B5360900DA9198 /* Api */,
				DEA525C524B535F500DA9198 /* Models */,
				DEA525BC24B534C600DA9198 /* LaunchScreen.storyboard */,
				DEA525BF24B534C600DA9198 /* Info.plist */,
			);
			path = "Frank Case 8";
			sourceTree = "<group>";
		};
		DEA525C524B535F500DA9198 /* Models */ = {
			isa = PBXGroup;
			children = (
				DEA525D024B540A100DA9198 /* Building.swift */,
				DEA525D224B5524900DA9198 /* AnalyticData.swift */,
				DEA525D424B561C800DA9198 /* FinalResult.swift */,
			);
			path = Models;
			sourceTree = "<group>";
		};
		DEA525C624B5360900DA9198 /* Api */ = {
			isa = PBXGroup;
			children = (
				DEA525CE24B53BEC00DA9198 /* Api.swift */,
			);
			path = Api;
			sourceTree = "<group>";
		};
		DEA525C824B5362D00DA9198 /* Extensions */ = {
			isa = PBXGroup;
			children = (
			);
			path = Extensions;
			sourceTree = "<group>";
		};
		DEA525C924B5365000DA9198 /* ViewModels */ = {
			isa = PBXGroup;
			children = (
				DEA525D624B5670C00DA9198 /* Case8ViewModel.swift */,
			);
			path = ViewModels;
			sourceTree = "<group>";
		};
		DEA525CA24B5366F00DA9198 /* Views and ViewControllers */ = {
			isa = PBXGroup;
			children = (
				DEA525CC24B5389100DA9198 /* HomeViewController.swift */,
			);
			path = "Views and ViewControllers";
			sourceTree = "<group>";
		};
		DEA525CB24B5368C00DA9198 /* Supporting Files */ = {
			isa = PBXGroup;
			children = (
				DEA525B124B534C500DA9198 /* AppDelegate.swift */,
				DEA525B324B534C500DA9198 /* SceneDelegate.swift */,
				DEA525BA24B534C600DA9198 /* Assets.xcassets */,
			);
			path = "Supporting Files";
			sourceTree = "<group>";
		};
/* End PBXGroup section */

/* Begin PBXNativeTarget section */
		DEA525AD24B534C500DA9198 /* Frank Case 8 */ = {
			isa = PBXNativeTarget;
			buildConfigurationList = DEA525C224B534C600DA9198 /* Build configuration list for PBXNativeTarget "Frank Case 8" */;
			buildPhases = (
				DEA525AA24B534C500DA9198 /* Sources */,
				DEA525AB24B534C500DA9198 /* Frameworks */,
				DEA525AC24B534C500DA9198 /* Resources */,
			);
			buildRules = (
			);
			dependencies = (
			);
			name = "Frank Case 8";
			productName = "Frank Case 8";
			productReference = DEA525AE24B534C500DA9198 /* Frank Case 8.app */;
			productType = "com.apple.product-type.application";
		};
/* End PBXNativeTarget section */

/* Begin PBXProject section */
		DEA525A624B534C400DA9198 /* Project object */ = {
			isa = PBXProject;
			attributes = {
				LastSwiftUpdateCheck = 1150;
				LastUpgradeCheck = 1150;
				ORGANIZATIONNAME = "Chenguo Yan";
				TargetAttributes = {
					DEA525AD24B534C500DA9198 = {
						CreatedOnToolsVersion = 11.5;
					};
				};
			};
			buildConfigurationList = DEA525A924B534C400DA9198 /* Build configuration list for PBXProject "Frank Case 8" */;
			compatibilityVersion = "Xcode 9.3";
			developmentRegion = en;
			hasScannedForEncodings = 0;
			knownRegions = (
				en,
				Base,
			);
			mainGroup = DEA525A524B534C400DA9198;
			productRefGroup = DEA525AF24B534C500DA9198 /* Products */;
			projectDirPath = "";
			projectRoot = "";
			targets = (
				DEA525AD24B534C500DA9198 /* Frank Case 8 */,
			);
		};
/* End PBXProject section */

/* Begin PBXResourcesBuildPhase section */
		DEA525AC24B534C500DA9198 /* Resources */ = {
			isa = PBXResourcesBuildPhase;
			buildActionMask = 2147483647;
			files = (
				DEA525BE24B534C600DA9198 /* LaunchScreen.storyboard in Resources */,
				DEA525BB24B534C600DA9198 /* Assets.xcassets in Resources */,
			);
			runOnlyForDeploymentPostprocessing = 0;
		};
/* End PBXResourcesBuildPhase section */

/* Begin PBXSourcesBuildPhase section */
		DEA525AA24B534C500DA9198 /* Sources */ = {
			isa = PBXSourcesBuildPhase;
			buildActionMask = 2147483647;
			files = (
				DEA525B224B534C500DA9198 /* AppDelegate.swift in Sources */,
				DEA525B424B534C500DA9198 /* SceneDelegate.swift in Sources */,
				DEA525D124B540A100DA9198 /* Building.swift in Sources */,
				DEA525CF24B53BEC00DA9198 /* Api.swift in Sources */,
				DEA525D324B5524900DA9198 /* AnalyticData.swift in Sources */,
				DEA525CD24B5389100DA9198 /* HomeViewController.swift in Sources */,
				DEA525D524B561C800DA9198 /* FinalResult.swift in Sources */,
				DEA525D724B5670C00DA9198 /* Case8ViewModel.swift in Sources */,
			);
			runOnlyForDeploymentPostprocessing = 0;
		};
/* End PBXSourcesBuildPhase section */

/* Begin PBXVariantGroup section */
		DEA525BC24B534C600DA9198 /* LaunchScreen.storyboard */ = {
			isa = PBXVariantGroup;
			children = (
				DEA525BD24B534C600DA9198 /* Base */,
			);
			name = LaunchScreen.storyboard;
			sourceTree = "<group>";
		};
/* End PBXVariantGroup section */

/* Begin XCBuildConfiguration section */
		DEA525C024B534C600DA9198 /* Debug */ = {
			isa = XCBuildConfiguration;
			buildSettings = {
				ALWAYS_SEARCH_USER_PATHS = NO;
				CLANG_ANALYZER_NONNULL = YES;
				CLANG_ANALYZER_NUMBER_OBJECT_CONVERSION = YES_AGGRESSIVE;
				CLANG_CXX_LANGUAGE_STANDARD = "gnu++14";
				CLANG_CXX_LIBRARY = "libc++";
				CLANG_ENABLE_MODULES = YES;
				CLANG_ENABLE_OBJC_ARC = YES;
				CLANG_ENABLE_OBJC_WEAK = YES;
				CLANG_WARN_BLOCK_CAPTURE_AUTORELEASING = YES;
				CLANG_WARN_BOOL_CONVERSION = YES;
				CLANG_WARN_COMMA = YES;
				CLANG_WARN_CONSTANT_CONVERSION = YES;
				CLANG_WARN_DEPRECATED_OBJC_IMPLEMENTATIONS = YES;
				CLANG_WARN_DIRECT_OBJC_ISA_USAGE = YES_ERROR;
				CLANG_WARN_DOCUMENTATION_COMMENTS = YES;
				CLANG_WARN_EMPTY_BODY = YES;
				CLANG_WARN_ENUM_CONVERSION = YES;
				CLANG_WARN_INFINITE_RECURSION = YES;
				CLANG_WARN_INT_CONVERSION = YES;
				CLANG_WARN_NON_LITERAL_NULL_CONVERSION = YES;
				CLANG_WARN_OBJC_IMPLICIT_RETAIN_SELF = YES;
				CLANG_WARN_OBJC_LITERAL_CONVERSION = YES;
				CLANG_WARN_OBJC_ROOT_CLASS = YES_ERROR;
				CLANG_WARN_RANGE_LOOP_ANALYSIS = YES;
				CLANG_WARN_STRICT_PROTOTYPES = YES;
				CLANG_WARN_SUSPICIOUS_MOVE = YES;
				CLANG_WARN_UNGUARDED_AVAILABILITY = YES_AGGRESSIVE;
				CLANG_WARN_UNREACHABLE_CODE = YES;
				CLANG_WARN__DUPLICATE_METHOD_MATCH = YES;
				COPY_PHASE_STRIP = NO;
				DEBUG_INFORMATION_FORMAT = dwarf;
				ENABLE_STRICT_OBJC_MSGSEND = YES;
				ENABLE_TESTABILITY = YES;
				GCC_C_LANGUAGE_STANDARD = gnu11;
				GCC_DYNAMIC_NO_PIC = NO;
				GCC_NO_COMMON_BLOCKS = YES;
				GCC_OPTIMIZATION_LEVEL = 0;
				GCC_PREPROCESSOR_DEFINITIONS = (
					"DEBUG=1",
					"$(inherited)",
				);
				GCC_WARN_64_TO_32_BIT_CONVERSION = YES;
				GCC_WARN_ABOUT_RETURN_TYPE = YES_ERROR;
				GCC_WARN_UNDECLARED_SELECTOR = YES;
				GCC_WARN_UNINITIALIZED_AUTOS = YES_AGGRESSIVE;
				GCC_WARN_UNUSED_FUNCTION = YES;
				GCC_WARN_UNUSED_VARIABLE = YES;
				IPHONEOS_DEPLOYMENT_TARGET = 13.5;
				MTL_ENABLE_DEBUG_INFO = INCLUDE_SOURCE;
				MTL_FAST_MATH = YES;
				ONLY_ACTIVE_ARCH = YES;
				SDKROOT = iphoneos;
				SWIFT_ACTIVE_COMPILATION_CONDITIONS = DEBUG;
				SWIFT_OPTIMIZATION_LEVEL = "-Onone";
			};
			name = Debug;
		};
		DEA525C124B534C600DA9198 /* Release */ = {
			isa = XCBuildConfiguration;
			buildSettings = {
				ALWAYS_SEARCH_USER_PATHS = NO;
				CLANG_ANALYZER_NONNULL = YES;
				CLANG_ANALYZER_NUMBER_OBJECT_CONVERSION = YES_AGGRESSIVE;
				CLANG_CXX_LANGUAGE_STANDARD = "gnu++14";
				CLANG_CXX_LIBRARY = "libc++";
				CLANG_ENABLE_MODULES = YES;
				CLANG_ENABLE_OBJC_ARC = YES;
				CLANG_ENABLE_OBJC_WEAK = YES;
				CLANG_WARN_BLOCK_CAPTURE_AUTORELEASING = YES;
				CLANG_WARN_BOOL_CONVERSION = YES;
				CLANG_WARN_COMMA = YES;
				CLANG_WARN_CONSTANT_CONVERSION = YES;
				CLANG_WARN_DEPRECATED_OBJC_IMPLEMENTATIONS = YES;
				CLANG_WARN_DIRECT_OBJC_ISA_USAGE = YES_ERROR;
				CLANG_WARN_DOCUMENTATION_COMMENTS = YES;
				CLANG_WARN_EMPTY_BODY = YES;
				CLANG_WARN_ENUM_CONVERSION = YES;
				CLANG_WARN_INFINITE_RECURSION = YES;
				CLANG_WARN_INT_CONVERSION = YES;
				CLANG_WARN_NON_LITERAL_NULL_CONVERSION = YES;
				CLANG_WARN_OBJC_IMPLICIT_RETAIN_SELF = YES;
				CLANG_WARN_OBJC_LITERAL_CONVERSION = YES;
				CLANG_WARN_OBJC_ROOT_CLASS = YES_ERROR;
				CLANG_WARN_RANGE_LOOP_ANALYSIS = YES;
				CLANG_WARN_STRICT_PROTOTYPES = YES;
				CLANG_WARN_SUSPICIOUS_MOVE = YES;
				CLANG_WARN_UNGUARDED_AVAILABILITY = YES_AGGRESSIVE;
				CLANG_WARN_UNREACHABLE_CODE = YES;
				CLANG_WARN__DUPLICATE_METHOD_MATCH = YES;
				COPY_PHASE_STRIP = NO;
				DEBUG_INFORMATION_FORMAT = "dwarf-with-dsym";
				ENABLE_NS_ASSERTIONS = NO;
				ENABLE_STRICT_OBJC_MSGSEND = YES;
				GCC_C_LANGUAGE_STANDARD = gnu11;
				GCC_NO_COMMON_BLOCKS = YES;
				GCC_WARN_64_TO_32_BIT_CONVERSION = YES;
				GCC_WARN_ABOUT_RETURN_TYPE = YES_ERROR;
				GCC_WARN_UNDECLARED_SELECTOR = YES;
				GCC_WARN_UNINITIALIZED_AUTOS = YES_AGGRESSIVE;
				GCC_WARN_UNUSED_FUNCTION = YES;
				GCC_WARN_UNUSED_VARIABLE = YES;
				IPHONEOS_DEPLOYMENT_TARGET = 13.5;
				MTL_ENABLE_DEBUG_INFO = NO;
				MTL_FAST_MATH = YES;
				SDKROOT = iphoneos;
				SWIFT_COMPILATION_MODE = wholemodule;
				SWIFT_OPTIMIZATION_LEVEL = "-O";
				VALIDATE_PRODUCT = YES;
			};
			name = Release;
		};
		DEA525C324B534C600DA9198 /* Debug */ = {
			isa = XCBuildConfiguration;
			buildSettings = {
				ASSETCATALOG_COMPILER_APPICON_NAME = AppIcon;
				CODE_SIGN_STYLE = Automatic;
				DEVELOPMENT_TEAM = KM3VWSD8ZB;
				INFOPLIST_FILE = "Frank Case 8/Info.plist";
				LD_RUNPATH_SEARCH_PATHS = (
					"$(inherited)",
					"@executable_path/Frameworks",
				);
				PRODUCT_BUNDLE_IDENTIFIER = "cg.yan.Frank-Case-8";
				PRODUCT_NAME = "$(TARGET_NAME)";
				SWIFT_VERSION = 5.0;
				TARGETED_DEVICE_FAMILY = "1,2";
			};
			name = Debug;
		};
		DEA525C424B534C600DA9198 /* Release */ = {
			isa = XCBuildConfiguration;
			buildSettings = {
				ASSETCATALOG_COMPILER_APPICON_NAME = AppIcon;
				CODE_SIGN_STYLE = Automatic;
				DEVELOPMENT_TEAM = KM3VWSD8ZB;
				INFOPLIST_FILE = "Frank Case 8/Info.plist";
				LD_RUNPATH_SEARCH_PATHS = (
					"$(inherited)",
					"@executable_path/Frameworks",
				);
				PRODUCT_BUNDLE_IDENTIFIER = "cg.yan.Frank-Case-8";
				PRODUCT_NAME = "$(TARGET_NAME)";
				SWIFT_VERSION = 5.0;
				TARGETED_DEVICE_FAMILY = "1,2";
			};
			name = Release;
		};
/* End XCBuildConfiguration section */

/* Begin XCConfigurationList section */
		DEA525A924B534C400DA9198 /* Build configuration list for PBXProject "Frank Case 8" */ = {
			isa = XCConfigurationList;
			buildConfigurations = (
				DEA525C024B534C600DA9198 /* Debug */,
				DEA525C124B534C600DA9198 /* Release */,
			);
			defaultConfigurationIsVisible = 0;
			defaultConfigurationName = Release;
		};
		DEA525C224B534C600DA9198 /* Build configuration list for PBXNativeTarget "Frank Case 8" */ = {
			isa = XCConfigurationList;
			buildConfigurations = (
				DEA525C324B534C600DA9198 /* Debug */,
				DEA525C424B534C600DA9198 /* Release */,
			);
			defaultConfigurationIsVisible = 0;
			defaultConfigurationName = Release;
		};
/* End XCConfigurationList section */
	};
	rootObject = DEA525A624B534C400DA9198 /* Project object */;
}
